
Microsoft Visual Studio Solution File, Format Version 12.00
# Visual Studio Version 17
VisualStudioVersion = 17.0.31903.59
MinimumVisualStudioVersion = 10.0.40219.1
Project("{FAE04EC0-301F-11D3-BF4B-00C04F79EFBC}") = "eTickets", "eTickets\eTickets.csproj", "{AF24D172-2CA8-40C0-B4B8-3B439F62A462}"
EndProject
Global
	GlobalSection(SolutionConfigurationPlatforms) = preSolution
		Debug|Any CPU = Debug|Any CPU
		Release|Any CPU = Release|Any CPU
	EndGlobalSection
	GlobalSection(ProjectConfigurationPlatforms) = postSolution
		{AF24D172-2CA8-40C0-B4B8-3B439F62A462}.Debug|Any CPU.ActiveCfg = Debug|Any CPU
		{AF24D172-2CA8-40C0-B4B8-3B439F62A462}.Debug|Any CPU.Build.0 = Debug|Any CPU
		{AF24D172-2CA8-40C0-B4B8-3B439F62A462}.Release|Any CPU.ActiveCfg = Release|Any CPU
		{AF24D172-2CA8-40C0-B4B8-3B439F62A462}.Release|Any CPU.Build.0 = Release|Any CPU
	EndGlobalSection
	GlobalSection(SolutionProperties) = preSolution
		HideSolutionNode = FALSE
	EndGlobalSection
	GlobalSection(ExtensibilityGlobals) = postSolution
		SolutionGuid = {52A1D04E-3F49-4834-BB48-E63945CF9B05}
	EndGlobalSection
EndGlobal
